
Microsoft Visual Studio Solution File, Format Version 12.00
# Visual Studio Version 17
VisualStudioVersion = 17.10.35027.167
MinimumVisualStudioVersion = 10.0.40219.1
Project("{9A19103F-16F7-4668-BE54-9A1E7A4F7556}") = "ZeroEPUB", "ZeroEPUB\ZeroEPUB.csproj", "{9185E233-0B80-4F4B-917C-D7A0F712C16A}"
EndProject
Project("{9A19103F-16F7-4668-BE54-9A1E7A4F7556}") = "ZeroEPUB.Desktop", "ZeroEPUB.Desktop\ZeroEPUB.Desktop.csproj", "{C630EA24-414C-4917-A9BB-5A32669BF8E6}"
EndProject
Global
	GlobalSection(SolutionConfigurationPlatforms) = preSolution
		Debug|Any CPU = Debug|Any CPU
		Release|Any CPU = Release|Any CPU
	EndGlobalSection
	GlobalSection(ProjectConfigurationPlatforms) = postSolution
		{9185E233-0B80-4F4B-917C-D7A0F712C16A}.Debug|Any CPU.ActiveCfg = Debug|Any CPU
		{9185E233-0B80-4F4B-917C-D7A0F712C16A}.Debug|Any CPU.Build.0 = Debug|Any CPU
		{9185E233-0B80-4F4B-917C-D7A0F712C16A}.Release|Any CPU.ActiveCfg = Release|Any CPU
		{9185E233-0B80-4F4B-917C-D7A0F712C16A}.Release|Any CPU.Build.0 = Release|Any CPU
		{C630EA24-414C-4917-A9BB-5A32669BF8E6}.Debug|Any CPU.ActiveCfg = Debug|Any CPU
		{C630EA24-414C-4917-A9BB-5A32669BF8E6}.Debug|Any CPU.Build.0 = Debug|Any CPU
		{C630EA24-414C-4917-A9BB-5A32669BF8E6}.Release|Any CPU.ActiveCfg = Release|Any CPU
		{C630EA24-414C-4917-A9BB-5A32669BF8E6}.Release|Any CPU.Build.0 = Release|Any CPU
	EndGlobalSection
	GlobalSection(SolutionProperties) = preSolution
		HideSolutionNode = FALSE
	EndGlobalSection
	GlobalSection(ExtensibilityGlobals) = postSolution
		SolutionGuid = {084BBA2D-6116-477D-AEAB-929710FF8C0D}
	EndGlobalSection
EndGlobal
